
Microsoft Visual Studio Solution File, Format Version 12.00
# Visual Studio 15
VisualStudioVersion = 15.0.27428.2037
MinimumVisualStudioVersion = 10.0.40219.1
Project("{FAE04EC0-301F-11D3-BF4B-00C04F79EFBC}") = "CSCAsg1Task7", "CSCAsg1Task7\CSCAsg1Task7.csproj", "{18775CA0-E149-43B9-A918-E75F4F159FEB}"
EndProject
Global
	GlobalSection(SolutionConfigurationPlatforms) = preSolution
		Debug|Any CPU = Debug|Any CPU
		Release|Any CPU = Release|Any CPU
	EndGlobalSection
	GlobalSection(ProjectConfigurationPlatforms) = postSolution
		{18775CA0-E149-43B9-A918-E75F4F159FEB}.Debug|Any CPU.ActiveCfg = Debug|Any CPU
		{18775CA0-E149-43B9-A918-E75F4F159FEB}.Debug|Any CPU.Build.0 = Debug|Any CPU
		{18775CA0-E149-43B9-A918-E75F4F159FEB}.Release|Any CPU.ActiveCfg = Release|Any CPU
		{18775CA0-E149-43B9-A918-E75F4F159FEB}.Release|Any CPU.Build.0 = Release|Any CPU
	EndGlobalSection
	GlobalSection(SolutionProperties) = preSolution
		HideSolutionNode = FALSE
	EndGlobalSection
	GlobalSection(ExtensibilityGlobals) = postSolution
		SolutionGuid = {52891289-DF85-4268-A729-037641DE9619}
	EndGlobalSection
EndGlobal
